
Microsoft Visual Studio Solution File, Format Version 12.00
# Visual Studio Version 17
VisualStudioVersion = 17.5.33502.453
MinimumVisualStudioVersion = 10.0.40219.1
Project("{888888A0-9F3D-457C-B088-3A5042F75D52}") = "Meower Bot", "Meower Bot\Meower Bot.pyproj", "{9684B5E1-8A53-417A-9364-382080D740D5}"
EndProject
Global
	GlobalSection(SolutionConfigurationPlatforms) = preSolution
		Debug|Any CPU = Debug|Any CPU
		Release|Any CPU = Release|Any CPU
	EndGlobalSection
	GlobalSection(ProjectConfigurationPlatforms) = postSolution
		{9684B5E1-8A53-417A-9364-382080D740D5}.Debug|Any CPU.ActiveCfg = Debug|Any CPU
		{9684B5E1-8A53-417A-9364-382080D740D5}.Release|Any CPU.ActiveCfg = Release|Any CPU
	EndGlobalSection
	GlobalSection(SolutionProperties) = preSolution
		HideSolutionNode = FALSE
	EndGlobalSection
	GlobalSection(ExtensibilityGlobals) = postSolution
		SolutionGuid = {2EB2AB03-B1B3-4D9B-B6AA-84EE55C65CAB}
	EndGlobalSection
EndGlobal
